
Microsoft Visual Studio Solution File, Format Version 12.00
# Visual Studio Version 17
VisualStudioVersion = 17.14.36119.2 d17.14
MinimumVisualStudioVersion = 10.0.40219.1
Project("{FAE04EC0-301F-11D3-BF4B-00C04F79EFBC}") = "VinylBack", "VinylBack.csproj", "{0C535A1B-0915-4E3C-9594-3BDDD59152BA}"
EndProject
Global
	GlobalSection(SolutionConfigurationPlatforms) = preSolution
		Debug|Any CPU = Debug|Any CPU
		Release|Any CPU = Release|Any CPU
	EndGlobalSection
	GlobalSection(ProjectConfigurationPlatforms) = postSolution
		{0C535A1B-0915-4E3C-9594-3BDDD59152BA}.Debug|Any CPU.ActiveCfg = Debug|Any CPU
		{0C535A1B-0915-4E3C-9594-3BDDD59152BA}.Debug|Any CPU.Build.0 = Debug|Any CPU
		{0C535A1B-0915-4E3C-9594-3BDDD59152BA}.Release|Any CPU.ActiveCfg = Release|Any CPU
		{0C535A1B-0915-4E3C-9594-3BDDD59152BA}.Release|Any CPU.Build.0 = Release|Any CPU
	EndGlobalSection
	GlobalSection(SolutionProperties) = preSolution
		HideSolutionNode = FALSE
	EndGlobalSection
	GlobalSection(ExtensibilityGlobals) = postSolution
		SolutionGuid = {D241301A-9A60-4011-8BF1-E2FF6FC2F0C2}
	EndGlobalSection
EndGlobal
